// !$*UTF8*$!
{
	archiveVersion = 1;
	classes = {
	};
	objectVersion = 46;
	objects = {

/* Begin PBXBuildFile section */
		373BA0BD1AAA430A00730ADE /* main.m in Sources */ = {isa = PBXBuildFile; fileRef = 373BA0BC1AAA430A00730ADE /* main.m */; };
		373BA0C01AAA430A00730ADE /* AppDelegate.m in Sources */ = {isa = PBXBuildFile; fileRef = 373BA0BF1AAA430A00730ADE /* AppDelegate.m */; };
		373BA0C31AAA430A00730ADE /* ViewController.m in Sources */ = {isa = PBXBuildFile; fileRef = 373BA0C21AAA430A00730ADE /* ViewController.m */; };
		373BA0C61AAA430A00730ADE /* Main.storyboard in Resources */ = {isa = PBXBuildFile; fileRef = 373BA0C41AAA430A00730ADE /* Main.storyboard */; };
		373BA0C81AAA430A00730ADE /* Images.xcassets in Resources */ = {isa = PBXBuildFile; fileRef = 373BA0C71AAA430A00730ADE /* Images.xcassets */; };
		373BA0CB1AAA430A00730ADE /* LaunchScreen.xib in Resources */ = {isa = PBXBuildFile; fileRef = 373BA0C91AAA430A00730ADE /* LaunchScreen.xib */; };
		373BA0D71AAA430A00730ADE /* Git_TestTests.m in Sources */ = {isa = PBXBuildFile; fileRef = 373BA0D61AAA430A00730ADE /* Git_TestTests.m */; };
/* End PBXBuildFile section */

/* Begin PBXContainerItemProxy section */
		373BA0D11AAA430A00730ADE /* PBXContainerItemProxy */ = {
			isa = PBXContainerItemProxy;
			containerPortal = 373BA0AF1AAA430A00730ADE /* Project object */;
			proxyType = 1;
			remoteGlobalIDString = 373BA0B61AAA430A00730ADE;
			remoteInfo = "Git Test";
		};
/* End PBXContainerItemProxy section */

/* Begin PBXFileReference section */
		373BA0B71AAA430A00730ADE /* Git Test.app */ = {isa = PBXFileReference; explicitFileType = wrapper.application; includeInIndex = 0; path = "Git Test.app"; sourceTree = BUILT_PRODUCTS_DIR; };
		373BA0BB1AAA430A00730ADE /* Info.plist */ = {isa = PBXFileReference; lastKnownFileType = text.plist.xml; path = Info.plist; sourceTree = "<group>"; };
		373BA0BC1AAA430A00730ADE /* main.m */ = {isa = PBXFileReference; lastKnownFileType = sourcecode.c.objc; path = main.m; sourceTree = "<group>"; };
		373BA0BE1AAA430A00730ADE /* AppDelegate.h */ = {isa = PBXFileReference; lastKnownFileType = sourcecode.c.h; path = AppDelegate.h; sourceTree = "<group>"; };
		373BA0BF1AAA430A00730ADE /* AppDelegate.m */ = {isa = PBXFileReference; lastKnownFileType = sourcecode.c.objc; path = AppDelegate.m; sourceTree = "<group>"; };
		373BA0C11AAA430A00730ADE /* ViewController.h */ = {isa = PBXFileReference; lastKnownFileType = sourcecode.c.h; path = ViewController.h; sourceTree = "<group>"; };
		373BA0C21AAA430A00730ADE /* ViewController.m */ = {isa = PBXFileReference; lastKnownFileType = sourcecode.c.objc; path = ViewController.m; sourceTree = "<group>"; };
		373BA0C51AAA430A00730ADE /* Base */ = {isa = PBXFileReference; lastKnownFileType = file.storyboard; name = Base; path = Base.lproj/Main.storyboard; sourceTree = "<group>"; };
		373BA0C71AAA430A00730ADE /* Images.xcassets */ = {isa = PBXFileReference; lastKnownFileType = folder.assetcatalog; path = Images.xcassets; sourceTree = "<group>"; };
		373BA0CA1AAA430A00730ADE /* Base */ = {isa = PBXFileReference; lastKnownFileType = file.xib; name = Base; path = Base.lproj/LaunchScreen.xib; sourceTree = "<group>"; };
		373BA0D01AAA430A00730ADE /* Git TestTests.xctest */ = {isa = PBXFileReference; explicitFileType = wrapper.cfbundle; includeInIndex = 0; path = "Git TestTests.xctest"; sourceTree = BUILT_PRODUCTS_DIR; };
		373BA0D51AAA430A00730ADE /* Info.plist */ = {isa = PBXFileReference; lastKnownFileType = text.plist.xml; path = Info.plist; sourceTree = "<group>"; };
		373BA0D61AAA430A00730ADE /* Git_TestTests.m */ = {isa = PBXFileReference; lastKnownFileType = sourcecode.c.objc; path = Git_TestTests.m; sourceTree = "<group>"; };
/* End PBXFileReference section */

/* Begin PBXFrameworksBuildPhase section */
		373BA0B41AAA430A00730ADE /* Frameworks */ = {
			isa = PBXFrameworksBuildPhase;
			buildActionMask = 2147483647;
			files = (
			);
			runOnlyForDeploymentPostprocessing = 0;
		};
		373BA0CD1AAA430A00730ADE /* Frameworks */ = {
			isa = PBXFrameworksBuildPhase;
			buildActionMask = 2147483647;
			files = (
			);
			runOnlyForDeploymentPostprocessing = 0;
		};
/* End PBXFrameworksBuildPhase section */

/* Begin PBXGroup section */
		373BA0AE1AAA430A00730ADE = {
			isa = PBXGroup;
			children = (
				373BA0B91AAA430A00730ADE /* Git Test */,
				373BA0D31AAA430A00730ADE /* Git TestTests */,
				373BA0B81AAA430A00730ADE /* Products */,
			);
			sourceTree = "<group>";
		};
		373BA0B81AAA430A00730ADE /* Products */ = {
			isa = PBXGroup;
			children = (
				373BA0B71AAA430A00730ADE /* Git Test.app */,
				373BA0D01AAA430A00730ADE /* Git TestTests.xctest */,
			);
			name = Products;
			sourceTree = "<group>";
		};
		373BA0B91AAA430A00730ADE /* Git Test */ = {
			isa = PBXGroup;
			children = (
				373BA0BE1AAA430A00730ADE /* AppDelegate.h */,
				373BA0BF1AAA430A00730ADE /* AppDelegate.m */,
				373BA0C11AAA430A00730ADE /* ViewController.h */,
				373BA0C21AAA430A00730ADE /* ViewController.m */,
				373BA0C41AAA430A00730ADE /* Main.storyboard */,
				373BA0C71AAA430A00730ADE /* Images.xcassets */,
				373BA0C91AAA430A00730ADE /* LaunchScreen.xib */,
				373BA0BA1AAA430A00730ADE /* Supporting Files */,
			);
			path = "Git Test";
			sourceTree = "<group>";
		};
		373BA0BA1AAA430A00730ADE /* Supporting Files */ = {
			isa = PBXGroup;
			children = (
				373BA0BB1AAA430A00730ADE /* Info.plist */,
				373BA0BC1AAA430A00730ADE /* main.m */,
			);
			name = "Supporting Files";
			sourceTree = "<group>";
		};
		373BA0D31AAA430A00730ADE /* Git TestTests */ = {
			isa = PBXGroup;
			children = (
				373BA0D61AAA430A00730ADE /* Git_TestTests.m */,
				373BA0D41AAA430A00730ADE /* Supporting Files */,
			);
			path = "Git TestTests";
			sourceTree = "<group>";
		};
		373BA0D41AAA430A00730ADE /* Supporting Files */ = {
			isa = PBXGroup;
			children = (
				373BA0D51AAA430A00730ADE /* Info.plist */,
			);
			name = "Supporting Files";
			sourceTree = "<group>";
		};
/* End PBXGroup section */

/* Begin PBXNativeTarget section */
		373BA0B61AAA430A00730ADE /* Git Test */ = {
			isa = PBXNativeTarget;
			buildConfigurationList = 373BA0DA1AAA430A00730ADE /* Build configuration list for PBXNativeTarget "Git Test" */;
			buildPhases = (
				373BA0B31AAA430A00730ADE /* Sources */,
				373BA0B41AAA430A00730ADE /* Frameworks */,
				373BA0B51AAA430A00730ADE /* Resources */,
			);
			buildRules = (
			);
			dependencies = (
			);
			name = "Git Test";
			productName = "Git Test";
			productReference = 373BA0B71AAA430A00730ADE /* Git Test.app */;
			productType = "com.apple.product-type.application";
		};
		373BA0CF1AAA430A00730ADE /* Git TestTests */ = {
			isa = PBXNativeTarget;
			buildConfigurationList = 373BA0DD1AAA430A00730ADE /* Build configuration list for PBXNativeTarget "Git TestTests" */;
			buildPhases = (
				373BA0CC1AAA430A00730ADE /* Sources */,
				373BA0CD1AAA430A00730ADE /* Frameworks */,
				373BA0CE1AAA430A00730ADE /* Resources */,
			);
			buildRules = (
			);
			dependencies = (
				373BA0D21AAA430A00730ADE /* PBXTargetDependency */,
			);
			name = "Git TestTests";
			productName = "Git TestTests";
			productReference = 373BA0D01AAA430A00730ADE /* Git TestTests.xctest */;
			productType = "com.apple.product-type.bundle.unit-test";
		};
/* End PBXNativeTarget section */

/* Begin PBXProject section */
		373BA0AF1AAA430A00730ADE /* Project object */ = {
			isa = PBXProject;
			attributes = {
				LastUpgradeCheck = 0610;
				ORGANIZATIONNAME = "Akhil Menon";
				TargetAttributes = {
					373BA0B61AAA430A00730ADE = {
						CreatedOnToolsVersion = 6.1.1;
					};
					373BA0CF1AAA430A00730ADE = {
						CreatedOnToolsVersion = 6.1.1;
						TestTargetID = 373BA0B61AAA430A00730ADE;
					};
				};
			};
			buildConfigurationList = 373BA0B21AAA430A00730ADE /* Build configuration list for PBXProject "Git Test" */;
			compatibilityVersion = "Xcode 3.2";
			developmentRegion = English;
			hasScannedForEncodings = 0;
			knownRegions = (
				en,
				Base,
			);
			mainGroup = 373BA0AE1AAA430A00730ADE;
			productRefGroup = 373BA0B81AAA430A00730ADE /* Products */;
			projectDirPath = "";
			projectRoot = "";
			targets = (
				373BA0B61AAA430A00730ADE /* Git Test */,
				373BA0CF1AAA430A00730ADE /* Git TestTests */,
			);
		};
/* End PBXProject section */

/* Begin PBXResourcesBuildPhase section */
		373BA0B51AAA430A00730ADE /* Resources */ = {
			isa = PBXResourcesBuildPhase;
			buildActionMask = 2147483647;
			files = (
				373BA0C61AAA430A00730ADE /* Main.storyboard in Resources */,
				373BA0CB1AAA430A00730ADE /* LaunchScreen.xib in Resources */,
				373BA0C81AAA430A00730ADE /* Images.xcassets in Resources */,
			);
			runOnlyForDeploymentPostprocessing = 0;
		};
		373BA0CE1AAA430A00730ADE /* Resources */ = {
			isa = PBXResourcesBuildPhase;
			buildActionMask = 2147483647;
			files = (
			);
			runOnlyForDeploymentPostprocessing = 0;
		};
/* End PBXResourcesBuildPhase section */

/* Begin PBXSourcesBuildPhase section */
		373BA0B31AAA430A00730ADE /* Sources */ = {
			isa = PBXSourcesBuildPhase;
			buildActionMask = 2147483647;
			files = (
				373BA0C31AAA430A00730ADE /* ViewController.m in Sources */,
				373BA0C01AAA430A00730ADE /* AppDelegate.m in Sources */,
				373BA0BD1AAA430A00730ADE /* main.m in Sources */,
			);
			runOnlyForDeploymentPostprocessing = 0;
		};
		373BA0CC1AAA430A00730ADE /* Sources */ = {
			isa = PBXSourcesBuildPhase;
			buildActionMask = 2147483647;
			files = (
				373BA0D71AAA430A00730ADE /* Git_TestTests.m in Sources */,
			);
			runOnlyForDeploymentPostprocessing = 0;
		};
/* End PBXSourcesBuildPhase section */

/* Begin PBXTargetDependency section */
		373BA0D21AAA430A00730ADE /* PBXTargetDependency */ = {
			isa = PBXTargetDependency;
			target = 373BA0B61AAA430A00730ADE /* Git Test */;
			targetProxy = 373BA0D11AAA430A00730ADE /* PBXContainerItemProxy */;
		};
/* End PBXTargetDependency section */

/* Begin PBXVariantGroup section */
		373BA0C41AAA430A00730ADE /* Main.storyboard */ = {
			isa = PBXVariantGroup;
			children = (
				373BA0C51AAA430A00730ADE /* Base */,
			);
			name = Main.storyboard;
			sourceTree = "<group>";
		};
		373BA0C91AAA430A00730ADE /* LaunchScreen.xib */ = {
			isa = PBXVariantGroup;
			children = (
				373BA0CA1AAA430A00730ADE /* Base */,
			);
			name = LaunchScreen.xib;
			sourceTree = "<group>";
		};
/* End PBXVariantGroup section */

/* Begin XCBuildConfiguration section */
		373BA0D81AAA430A00730ADE /* Debug */ = {
			isa = XCBuildConfiguration;
			buildSettings = {
				ALWAYS_SEARCH_USER_PATHS = NO;
				CLANG_CXX_LANGUAGE_STANDARD = "gnu++0x";
				CLANG_CXX_LIBRARY = "libc++";
				CLANG_ENABLE_MODULES = YES;
				CLANG_ENABLE_OBJC_ARC = YES;
				CLANG_WARN_BOOL_CONVERSION = YES;
				CLANG_WARN_CONSTANT_CONVERSION = YES;
				CLANG_WARN_DIRECT_OBJC_ISA_USAGE = YES_ERROR;
				CLANG_WARN_EMPTY_BODY = YES;
				CLANG_WARN_ENUM_CONVERSION = YES;
				CLANG_WARN_INT_CONVERSION = YES;
				CLANG_WARN_OBJC_ROOT_CLASS = YES_ERROR;
				CLANG_WARN_UNREACHABLE_CODE = YES;
				CLANG_WARN__DUPLICATE_METHOD_MATCH = YES;
				"CODE_SIGN_IDENTITY[sdk=iphoneos*]" = "iPhone Developer";
				COPY_PHASE_STRIP = NO;
				ENABLE_STRICT_OBJC_MSGSEND = YES;
				GCC_C_LANGUAGE_STANDARD = gnu99;
				GCC_DYNAMIC_NO_PIC = NO;
				GCC_OPTIMIZATION_LEVEL = 0;
				GCC_PREPROCESSOR_DEFINITIONS = (
					"DEBUG=1",
					"$(inherited)",
				);
				GCC_SYMBOLS_PRIVATE_EXTERN = NO;
				GCC_WARN_64_TO_32_BIT_CONVERSION = YES;
				GCC_WARN_ABOUT_RETURN_TYPE = YES_ERROR;
				GCC_WARN_UNDECLARED_SELECTOR = YES;
				GCC_WARN_UNINITIALIZED_AUTOS = YES_AGGRESSIVE;
				GCC_WARN_UNUSED_FUNCTION = YES;
				GCC_WARN_UNUSED_VARIABLE = YES;
				IPHONEOS_DEPLOYMENT_TARGET = 8.1;
				MTL_ENABLE_DEBUG_INFO = YES;
				ONLY_ACTIVE_ARCH = YES;
				SDKROOT = iphoneos;
				TARGETED_DEVICE_FAMILY = "1,2";
			};
			name = Debug;
		};
		373BA0D91AAA430A00730ADE /* Release */ = {
			isa = XCBuildConfiguration;
			buildSettings = {
				ALWAYS_SEARCH_USER_PATHS = NO;
				CLANG_CXX_LANGUAGE_STANDARD = "gnu++0x";
				CLANG_CXX_LIBRARY = "libc++";
				CLANG_ENABLE_MODULES = YES;
				CLANG_ENABLE_OBJC_ARC = YES;
				CLANG_WARN_BOOL_CONVERSION = YES;
				CLANG_WARN_CONSTANT_CONVERSION = YES;
				CLANG_WARN_DIRECT_OBJC_ISA_USAGE = YES_ERROR;
				CLANG_WARN_EMPTY_BODY = YES;
				CLANG_WARN_ENUM_CONVERSION = YES;
				CLANG_WARN_INT_CONVERSION = YES;
				CLANG_WARN_OBJC_ROOT_CLASS = YES_ERROR;
				CLANG_WARN_UNREACHABLE_CODE = YES;
				CLANG_WARN__DUPLICATE_METHOD_MATCH = YES;
				"CODE_SIGN_IDENTITY[sdk=iphoneos*]" = "iPhone Developer";
				COPY_PHASE_STRIP = YES;
				ENABLE_NS_ASSERTIONS = NO;
				ENABLE_STRICT_OBJC_MSGSEND = YES;
				GCC_C_LANGUAGE_STANDARD = gnu99;
				GCC_WARN_64_TO_32_BIT_CONVERSION = YES;
				GCC_WARN_ABOUT_RETURN_TYPE = YES_ERROR;
				GCC_WARN_UNDECLARED_SELECTOR = YES;
				GCC_WARN_UNINITIALIZED_AUTOS = YES_AGGRESSIVE;
				GCC_WARN_UNUSED_FUNCTION = YES;
				GCC_WARN_UNUSED_VARIABLE = YES;
				IPHONEOS_DEPLOYMENT_TARGET = 8.1;
				MTL_ENABLE_DEBUG_INFO = NO;
				SDKROOT = iphoneos;
				TARGETED_DEVICE_FAMILY = "1,2";
				VALIDATE_PRODUCT = YES;
			};
			name = Release;
		};
		373BA0DB1AAA430A00730ADE /* Debug */ = {
			isa = XCBuildConfiguration;
			buildSettings = {
				ASSETCATALOG_COMPILER_APPICON_NAME = AppIcon;
				INFOPLIST_FILE = "Git Test/Info.plist";
				LD_RUNPATH_SEARCH_PATHS = "$(inherited) @executable_path/Frameworks";
				PRODUCT_NAME = "$(TARGET_NAME)";
			};
			name = Debug;
		};
		373BA0DC1AAA430A00730ADE /* Release */ = {
			isa = XCBuildConfiguration;
			buildSettings = {
				ASSETCATALOG_COMPILER_APPICON_NAME = AppIcon;
				INFOPLIST_FILE = "Git Test/Info.plist";
				LD_RUNPATH_SEARCH_PATHS = "$(inherited) @executable_path/Frameworks";
				PRODUCT_NAME = "$(TARGET_NAME)";
			};
			name = Release;
		};
		373BA0DE1AAA430A00730ADE /* Debug */ = {
			isa = XCBuildConfiguration;
			buildSettings = {
				BUNDLE_LOADER = "$(TEST_HOST)";
				FRAMEWORK_SEARCH_PATHS = (
					"$(SDKROOT)/Developer/Library/Frameworks",
					"$(inherited)",
				);
				GCC_PREPROCESSOR_DEFINITIONS = (
					"DEBUG=1",
					"$(inherited)",
				);
				INFOPLIST_FILE = "Git TestTests/Info.plist";
				LD_RUNPATH_SEARCH_PATHS = "$(inherited) @executable_path/Frameworks @loader_path/Frameworks";
				PRODUCT_NAME = "$(TARGET_NAME)";
				TEST_HOST = "$(BUILT_PRODUCTS_DIR)/Git Test.app/Git Test";
			};
			name = Debug;
		};
		373BA0DF1AAA430A00730ADE /* Release */ = {
			isa = XCBuildConfiguration;
			buildSettings = {
				BUNDLE_LOADER = "$(TEST_HOST)";
				FRAMEWORK_SEARCH_PATHS = (
					"$(SDKROOT)/Developer/Library/Frameworks",
					"$(inherited)",
				);
				INFOPLIST_FILE = "Git TestTests/Info.plist";
				LD_RUNPATH_SEARCH_PATHS = "$(inherited) @executable_path/Frameworks @loader_path/Frameworks";
				PRODUCT_NAME = "$(TARGET_NAME)";
				TEST_HOST = "$(BUILT_PRODUCTS_DIR)/Git Test.app/Git Test";
			};
			name = Release;
		};
/* End XCBuildConfiguration section */

/* Begin XCConfigurationList section */
		373BA0B21AAA430A00730ADE /* Build configuration list for PBXProject "Git Test" */ = {
			isa = XCConfigurationList;
			buildConfigurations = (
				373BA0D81AAA430A00730ADE /* Debug */,
				373BA0D91AAA430A00730ADE /* Release */,
			);
			defaultConfigurationIsVisible = 0;
			defaultConfigurationName = Release;
		};
		373BA0DA1AAA430A00730ADE /* Build configuration list for PBXNativeTarget "Git Test" */ = {
			isa = XCConfigurationList;
			buildConfigurations = (
				373BA0DB1AAA430A00730ADE /* Debug */,
				373BA0DC1AAA430A00730ADE /* Release */,
			);
			defaultConfigurationIsVisible = 0;
		};
		373BA0DD1AAA430A00730ADE /* Build configuration list for PBXNativeTarget "Git TestTests" */ = {
			isa = XCConfigurationList;
			buildConfigurations = (
				373BA0DE1AAA430A00730ADE /* Debug */,
				373BA0DF1AAA430A00730ADE /* Release */,
			);
			defaultConfigurationIsVisible = 0;
		};
/* End XCConfigurationList section */
	};
	rootObject = 373BA0AF1AAA430A00730ADE /* Project object */;
}
